PODS:
  - boost (1.76.0)
  - CocoaAsyncSocket (7.6.5)
  - DoubleConversion (1.1.6)
  - FBLazyVector (0.72.3)
  - FBReactNativeSpec (0.72.3):
    - RCT-Folly (= 2021.07.22.00)
    - RCTRequired (= 0.72.3)
    - RCTTypeSafety (= 0.72.3)
    - React-Core (= 0.72.3)
    - React-jsi (= 0.72.3)
    - ReactCommon/turbomodule/core (= 0.72.3)
  - Firebase/CoreOnly (10.20.0):
    - FirebaseCore (= 10.20.0)
  - Firebase/Messaging (10.20.0):
    - Firebase/CoreOnly
    - FirebaseMessaging (~> 10.20.0)
  - FirebaseCore (10.20.0):
    - FirebaseCoreInternal (~> 10.0)
    - GoogleUtilities/Environment (~> 7.12)
    - GoogleUtilities/Logger (~> 7.12)
  - FirebaseCoreExtension (10.20.0):
    - FirebaseCore (~> 10.0)
  - FirebaseCoreInternal (10.21.0):
    - "GoogleUtilities/NSData+zlib (~> 7.8)"
  - FirebaseInstallations (10.21.0):
    - FirebaseCore (~> 10.0)
    - GoogleUtilities/Environment (~> 7.8)
    - GoogleUtilities/UserDefaults (~> 7.8)
    - PromisesObjC (~> 2.1)
  - FirebaseMessaging (10.20.0):
    - FirebaseCore (~> 10.0)
    - FirebaseInstallations (~> 10.0)
    - GoogleDataTransport (~> 9.3)
    - GoogleUtilities/AppDelegateSwizzler (~> 7.8)
    - GoogleUtilities/Environment (~> 7.8)
    - GoogleUtilities/Reachability (~> 7.8)
    - GoogleUtilities/UserDefaults (~> 7.8)
    - nanopb (< 2.30910.0, >= 2.30908.0)
  - Flipper (0.182.0):
    - Flipper-Folly (~> 2.6)
  - Flipper-Boost-iOSX (1.76.0.1.11)
  - Flipper-DoubleConversion (3.2.0.1)
  - Flipper-Fmt (7.1.7)
  - Flipper-Folly (2.6.10):
    - Flipper-Boost-iOSX
    - Flipper-DoubleConversion
    - Flipper-Fmt (= 7.1.7)
    - Flipper-Glog
    - libevent (~> 2.1.12)
    - OpenSSL-Universal (= 1.1.1100)
  - Flipper-Glog (0.5.0.5)
  - Flipper-PeerTalk (0.0.4)
  - FlipperKit (0.182.0):
    - FlipperKit/Core (= 0.182.0)
  - FlipperKit/Core (0.182.0):
    - Flipper (~> 0.182.0)
    - FlipperKit/CppBridge
    - FlipperKit/FBCxxFollyDynamicConvert
    - FlipperKit/FBDefines
    - FlipperKit/FKPortForwarding
    - SocketRocket (~> 0.6.0)
  - FlipperKit/CppBridge (0.182.0):
    - Flipper (~> 0.182.0)
  - FlipperKit/FBCxxFollyDynamicConvert (0.182.0):
    - Flipper-Folly (~> 2.6)
  - FlipperKit/FBDefines (0.182.0)
  - FlipperKit/FKPortForwarding (0.182.0):
    - CocoaAsyncSocket (~> 7.6)
    - Flipper-PeerTalk (~> 0.0.4)
  - FlipperKit/FlipperKitHighlightOverlay (0.182.0)
  - FlipperKit/FlipperKitLayoutHelpers (0.182.0):
    - FlipperKit/Core
    - FlipperKit/FlipperKitHighlightOverlay
    - FlipperKit/FlipperKitLayoutTextSearchable
  - FlipperKit/FlipperKitLayoutIOSDescriptors (0.182.0):
    - FlipperKit/Core
    - FlipperKit/FlipperKitHighlightOverlay
    - FlipperKit/FlipperKitLayoutHelpers
    - YogaKit (~> 1.18)
  - FlipperKit/FlipperKitLayoutPlugin (0.182.0):
    - FlipperKit/Core
    - FlipperKit/FlipperKitHighlightOverlay
    - FlipperKit/FlipperKitLayoutHelpers
    - FlipperKit/FlipperKitLayoutIOSDescriptors
    - FlipperKit/FlipperKitLayoutTextSearchable
    - YogaKit (~> 1.18)
  - FlipperKit/FlipperKitLayoutTextSearchable (0.182.0)
  - FlipperKit/FlipperKitNetworkPlugin (0.182.0):
    - FlipperKit/Core
  - FlipperKit/FlipperKitReactPlugin (0.182.0):
    - FlipperKit/Core
  - FlipperKit/FlipperKitUserDefaultsPlugin (0.182.0):
    - FlipperKit/Core
  - FlipperKit/SKIOSNetworkPlugin (0.182.0):
    - FlipperKit/Core
    - FlipperKit/FlipperKitNetworkPlugin
  - fmt (6.2.1)
  - glog (0.3.5)
  - GoogleDataTransport (9.3.0):
    - GoogleUtilities/Environment (~> 7.7)
    - nanopb (< 2.30910.0, >= 2.30908.0)
    - PromisesObjC (< 3.0, >= 1.2)
  - GoogleUtilities (7.12.0):
    - GoogleUtilities/AppDelegateSwizzler (= 7.12.0)
    - GoogleUtilities/Environment (= 7.12.0)
    - GoogleUtilities/ISASwizzler (= 7.12.0)
    - GoogleUtilities/Logger (= 7.12.0)
    - GoogleUtilities/MethodSwizzler (= 7.12.0)
    - GoogleUtilities/Network (= 7.12.0)
    - "GoogleUtilities/NSData+zlib (= 7.12.0)"
    - GoogleUtilities/Reachability (= 7.12.0)
    - GoogleUtilities/SwizzlerTestHelpers (= 7.12.0)
    - GoogleUtilities/UserDefaults (= 7.12.0)
  - GoogleUtilities/AppDelegateSwizzler (7.12.0):
    - GoogleUtilities/Environment
    - GoogleUtilities/Logger
    - GoogleUtilities/Network
  - GoogleUtilities/Environment (7.12.0):
    - PromisesObjC (< 3.0, >= 1.2)
  - GoogleUtilities/ISASwizzler (7.12.0)
  - GoogleUtilities/Logger (7.12.0):
    - GoogleUtilities/Environment
  - GoogleUtilities/MethodSwizzler (7.12.0):
    - GoogleUtilities/Logger
  - GoogleUtilities/Network (7.12.0):
    - GoogleUtilities/Logger
    - "GoogleUtilities/NSData+zlib"
    - GoogleUtilities/Reachability
  - "GoogleUtilities/NSData+zlib (7.12.0)"
  - GoogleUtilities/Reachability (7.12.0):
    - GoogleUtilities/Logger
  - GoogleUtilities/SwizzlerTestHelpers (7.12.0):
    - GoogleUtilities/MethodSwizzler
  - GoogleUtilities/UserDefaults (7.12.0):
    - GoogleUtilities/Logger
  - libevent (2.1.12)
  - libwebp (1.3.2):
    - libwebp/demux (= 1.3.2)
    - libwebp/mux (= 1.3.2)
    - libwebp/sharpyuv (= 1.3.2)
    - libwebp/webp (= 1.3.2)
  - libwebp/demux (1.3.2):
    - libwebp/webp
  - libwebp/mux (1.3.2):
    - libwebp/demux
  - libwebp/sharpyuv (1.3.2)
  - libwebp/webp (1.3.2):
    - libwebp/sharpyuv
  - nanopb (2.30909.1):
    - nanopb/decode (= 2.30909.1)
    - nanopb/encode (= 2.30909.1)
  - nanopb/decode (2.30909.1)
  - nanopb/encode (2.30909.1)
  - OpenSSL-Universal (1.1.1100)
  - PromisesObjC (2.3.1)
  - RCT-Folly (2021.07.22.00):
    - boost
    - DoubleConversion
    - fmt (~> 6.2.1)
    - glog
    - RCT-Folly/Default (= 2021.07.22.00)
  - RCT-Folly/Default (2021.07.22.00):
    - boost
    - DoubleConversion
    - fmt (~> 6.2.1)
    - glog
  - RCTRequired (0.72.3)
  - RCTTypeSafety (0.72.3):
    - FBLazyVector (= 0.72.3)
    - RCTRequired (= 0.72.3)
    - React-Core (= 0.72.3)
  - React (0.72.3):
    - React-Core (= 0.72.3)
    - React-Core/DevSupport (= 0.72.3)
    - React-Core/RCTWebSocket (= 0.72.3)
    - React-RCTActionSheet (= 0.72.3)
    - React-RCTAnimation (= 0.72.3)
    - React-RCTBlob (= 0.72.3)
    - React-RCTImage (= 0.72.3)
    - React-RCTLinking (= 0.72.3)
    - React-RCTNetwork (= 0.72.3)
    - React-RCTSettings (= 0.72.3)
    - React-RCTText (= 0.72.3)
    - React-RCTVibration (= 0.72.3)
  - React-callinvoker (0.72.3)
  - React-Codegen (0.72.3):
    - DoubleConversion
    - FBReactNativeSpec
    - glog
    - RCT-Folly
    - RCTRequired
    - RCTTypeSafety
    - React-Core
    - React-jsc
    - React-jsi
    - React-jsiexecutor
    - React-NativeModulesApple
    - React-rncore
    - ReactCommon/turbomodule/bridging
    - ReactCommon/turbomodule/core
  - React-Core (0.72.3):
    - glog
    - RCT-Folly (= 2021.07.22.00)
    - React-Core/Default (= 0.72.3)
    - React-cxxreact
    - React-jsc
    - React-jsi
    - React-jsiexecutor
    - React-perflogger
    - React-runtimeexecutor
    - React-utils
    - SocketRocket (= 0.6.1)
    - Yoga
  - React-Core/CoreModulesHeaders (0.72.3):
    - glog
    - RCT-Folly (= 2021.07.22.00)
    - React-Core/Default
    - React-cxxreact
    - React-jsc
    - React-jsi
    - React-jsiexecutor
    - React-perflogger
    - React-runtimeexecutor
    - React-utils
    - SocketRocket (= 0.6.1)
    - Yoga
  - React-Core/Default (0.72.3):
    - glog
    - RCT-Folly (= 2021.07.22.00)
    - React-cxxreact
    - React-jsc
    - React-jsi
    - React-jsiexecutor
    - React-perflogger
    - React-runtimeexecutor
    - React-utils
    - SocketRocket (= 0.6.1)
    - Yoga
  - React-Core/DevSupport (0.72.3):
    - glog
    - RCT-Folly (= 2021.07.22.00)
    - React-Core/Default (= 0.72.3)
    - React-Core/RCTWebSocket (= 0.72.3)
    - React-cxxreact
    - React-jsc
    - React-jsi
    - React-jsiexecutor
    - React-jsinspector (= 0.72.3)
    - React-perflogger
    - React-runtimeexecutor
    - React-utils
    - SocketRocket (= 0.6.1)
    - Yoga
  - React-Core/RCTActionSheetHeaders (0.72.3):
    - glog
    - RCT-Folly (= 2021.07.22.00)
    - React-Core/Default
    - React-cxxreact
    - React-jsc
    - React-jsi
    - React-jsiexecutor
    - React-perflogger
    - React-runtimeexecutor
    - React-utils
    - SocketRocket (= 0.6.1)
    - Yoga
  - React-Core/RCTAnimationHeaders (0.72.3):
    - glog
    - RCT-Folly (= 2021.07.22.00)
    - React-Core/Default
    - React-cxxreact
    - React-jsc
    - React-jsi
    - React-jsiexecutor
    - React-perflogger
    - React-runtimeexecutor
    - React-utils
    - SocketRocket (= 0.6.1)
    - Yoga
  - React-Core/RCTBlobHeaders (0.72.3):
    - glog
    - RCT-Folly (= 2021.07.22.00)
    - React-Core/Default
    - React-cxxreact
    - React-jsc
    - React-jsi
    - React-jsiexecutor
    - React-perflogger
    - React-runtimeexecutor
    - React-utils
    - SocketRocket (= 0.6.1)
    - Yoga
  - React-Core/RCTImageHeaders (0.72.3):
    - glog
    - RCT-Folly (= 2021.07.22.00)
    - React-Core/Default
    - React-cxxreact
    - React-jsc
    - React-jsi
    - React-jsiexecutor
    - React-perflogger
    - React-runtimeexecutor
    - React-utils
    - SocketRocket (= 0.6.1)
    - Yoga
  - React-Core/RCTLinkingHeaders (0.72.3):
    - glog
    - RCT-Folly (= 2021.07.22.00)
    - React-Core/Default
    - React-cxxreact
    - React-jsc
    - React-jsi
    - React-jsiexecutor
    - React-perflogger
    - React-runtimeexecutor
    - React-utils
    - SocketRocket (= 0.6.1)
    - Yoga
  - React-Core/RCTNetworkHeaders (0.72.3):
    - glog
    - RCT-Folly (= 2021.07.22.00)
    - React-Core/Default
    - React-cxxreact
    - React-jsc
    - React-jsi
    - React-jsiexecutor
    - React-perflogger
    - React-runtimeexecutor
    - React-utils
    - SocketRocket (= 0.6.1)
    - Yoga
  - React-Core/RCTSettingsHeaders (0.72.3):
    - glog
    - RCT-Folly (= 2021.07.22.00)
    - React-Core/Default
    - React-cxxreact
    - React-jsc
    - React-jsi
    - React-jsiexecutor
    - React-perflogger
    - React-runtimeexecutor
    - React-utils
    - SocketRocket (= 0.6.1)
    - Yoga
  - React-Core/RCTTextHeaders (0.72.3):
    - glog
    - RCT-Folly (= 2021.07.22.00)
    - React-Core/Default
    - React-cxxreact
    - React-jsc
    - React-jsi
    - React-jsiexecutor
    - React-perflogger
    - React-runtimeexecutor
    - React-utils
    - SocketRocket (= 0.6.1)
    - Yoga
  - React-Core/RCTVibrationHeaders (0.72.3):
    - glog
    - RCT-Folly (= 2021.07.22.00)
    - React-Core/Default
    - React-cxxreact
    - React-jsc
    - React-jsi
    - React-jsiexecutor
    - React-perflogger
    - React-runtimeexecutor
    - React-utils
    - SocketRocket (= 0.6.1)
    - Yoga
  - React-Core/RCTWebSocket (0.72.3):
    - glog
    - RCT-Folly (= 2021.07.22.00)
    - React-Core/Default (= 0.72.3)
    - React-cxxreact
    - React-jsc
    - React-jsi
    - React-jsiexecutor
    - React-perflogger
    - React-runtimeexecutor
    - React-utils
    - SocketRocket (= 0.6.1)
    - Yoga
  - React-CoreModules (0.72.3):
    - RCT-Folly (= 2021.07.22.00)
    - RCTTypeSafety (= 0.72.3)
    - React-Codegen (= 0.72.3)
    - React-Core/CoreModulesHeaders (= 0.72.3)
    - React-jsi (= 0.72.3)
    - React-RCTBlob
    - React-RCTImage (= 0.72.3)
    - ReactCommon/turbomodule/core (= 0.72.3)
    - SocketRocket (= 0.6.1)
  - React-cxxreact (0.72.3):
    - boost (= 1.76.0)
    - DoubleConversion
    - glog
    - RCT-Folly (= 2021.07.22.00)
    - React-callinvoker (= 0.72.3)
    - React-debug (= 0.72.3)
    - React-jsi (= 0.72.3)
    - React-jsinspector (= 0.72.3)
    - React-logger (= 0.72.3)
    - React-perflogger (= 0.72.3)
    - React-runtimeexecutor (= 0.72.3)
  - React-debug (0.72.3)
  - React-jsc (0.72.3):
    - React-jsc/Fabric (= 0.72.3)
    - React-jsi (= 0.72.3)
  - React-jsc/Fabric (0.72.3):
    - React-jsi (= 0.72.3)
  - React-jsi (0.72.3):
    - boost (= 1.76.0)
    - DoubleConversion
    - glog
    - RCT-Folly (= 2021.07.22.00)
  - React-jsiexecutor (0.72.3):
    - DoubleConversion
    - glog
    - RCT-Folly (= 2021.07.22.00)
    - React-cxxreact (= 0.72.3)
    - React-jsi (= 0.72.3)
    - React-perflogger (= 0.72.3)
  - React-jsinspector (0.72.3)
  - React-logger (0.72.3):
    - glog
  - react-native-cameraroll (5.7.2):
    - React-Core
  - react-native-restart (0.0.27):
    - React-Core
  - react-native-safe-area-context (4.7.1):
    - React-Core
  - react-native-webview (13.3.1):
    - React-Core
  - React-NativeModulesApple (0.72.3):
    - React-callinvoker
    - React-Core
    - React-cxxreact
    - React-jsi
    - React-runtimeexecutor
    - ReactCommon/turbomodule/bridging
    - ReactCommon/turbomodule/core
  - React-perflogger (0.72.3)
  - React-RCTActionSheet (0.72.3):
    - React-Core/RCTActionSheetHeaders (= 0.72.3)
  - React-RCTAnimation (0.72.3):
    - RCT-Folly (= 2021.07.22.00)
    - RCTTypeSafety (= 0.72.3)
    - React-Codegen (= 0.72.3)
    - React-Core/RCTAnimationHeaders (= 0.72.3)
    - React-jsi (= 0.72.3)
    - ReactCommon/turbomodule/core (= 0.72.3)
  - React-RCTAppDelegate (0.72.3):
    - RCT-Folly
    - RCTRequired
    - RCTTypeSafety
    - React-Core
    - React-CoreModules
    - React-jsc
    - React-NativeModulesApple
    - React-RCTImage
    - React-RCTNetwork
    - React-runtimescheduler
    - ReactCommon/turbomodule/core
  - React-RCTBlob (0.72.3):
    - RCT-Folly (= 2021.07.22.00)
    - React-Codegen (= 0.72.3)
    - React-Core/RCTBlobHeaders (= 0.72.3)
    - React-Core/RCTWebSocket (= 0.72.3)
    - React-jsi (= 0.72.3)
    - React-RCTNetwork (= 0.72.3)
    - ReactCommon/turbomodule/core (= 0.72.3)
  - React-RCTImage (0.72.3):
    - RCT-Folly (= 2021.07.22.00)
    - RCTTypeSafety (= 0.72.3)
    - React-Codegen (= 0.72.3)
    - React-Core/RCTImageHeaders (= 0.72.3)
    - React-jsi (= 0.72.3)
    - React-RCTNetwork (= 0.72.3)
    - ReactCommon/turbomodule/core (= 0.72.3)
  - React-RCTLinking (0.72.3):
    - React-Codegen (= 0.72.3)
    - React-Core/RCTLinkingHeaders (= 0.72.3)
    - React-jsi (= 0.72.3)
    - ReactCommon/turbomodule/core (= 0.72.3)
  - React-RCTNetwork (0.72.3):
    - RCT-Folly (= 2021.07.22.00)
    - RCTTypeSafety (= 0.72.3)
    - React-Codegen (= 0.72.3)
    - React-Core/RCTNetworkHeaders (= 0.72.3)
    - React-jsi (= 0.72.3)
    - ReactCommon/turbomodule/core (= 0.72.3)
  - React-RCTSettings (0.72.3):
    - RCT-Folly (= 2021.07.22.00)
    - RCTTypeSafety (= 0.72.3)
    - React-Codegen (= 0.72.3)
    - React-Core/RCTSettingsHeaders (= 0.72.3)
    - React-jsi (= 0.72.3)
    - ReactCommon/turbomodule/core (= 0.72.3)
  - React-RCTText (0.72.3):
    - React-Core/RCTTextHeaders (= 0.72.3)
  - React-RCTVibration (0.72.3):
    - RCT-Folly (= 2021.07.22.00)
    - React-Codegen (= 0.72.3)
    - React-Core/RCTVibrationHeaders (= 0.72.3)
    - React-jsi (= 0.72.3)
    - ReactCommon/turbomodule/core (= 0.72.3)
  - React-rncore (0.72.3)
  - React-runtimeexecutor (0.72.3):
    - React-jsi (= 0.72.3)
  - React-runtimescheduler (0.72.3):
    - glog
    - RCT-Folly (= 2021.07.22.00)
    - React-callinvoker
    - React-debug
    - React-jsi
    - React-runtimeexecutor
  - React-utils (0.72.3):
    - glog
    - RCT-Folly (= 2021.07.22.00)
    - React-debug
  - ReactCommon/turbomodule/bridging (0.72.3):
    - DoubleConversion
    - glog
    - RCT-Folly (= 2021.07.22.00)
    - React-callinvoker (= 0.72.3)
    - React-cxxreact (= 0.72.3)
    - React-jsi (= 0.72.3)
    - React-logger (= 0.72.3)
    - React-perflogger (= 0.72.3)
  - ReactCommon/turbomodule/core (0.72.3):
    - DoubleConversion
    - glog
    - RCT-Folly (= 2021.07.22.00)
    - React-callinvoker (= 0.72.3)
    - React-cxxreact (= 0.72.3)
    - React-jsi (= 0.72.3)
    - React-logger (= 0.72.3)
    - React-perflogger (= 0.72.3)
  - ReactNativeLocalization (2.3.2):
    - React-Core
  - RNCAsyncStorage (1.19.2):
    - React-Core
  - RNFastImage (8.6.3):
    - React-Core
    - SDWebImage (~> 5.11.1)
    - SDWebImageWebPCoder (~> 0.8.4)
  - RNFBApp (18.8.0):
    - Firebase/CoreOnly (= 10.20.0)
    - React-Core
  - RNFBMessaging (18.8.0):
    - Firebase/Messaging (= 10.20.0)
    - FirebaseCoreExtension (= 10.20.0)
    - React-Core
    - RNFBApp
  - RNFlashList (1.5.0):
    - React-Core
  - RNImageCropPicker (0.40.0):
    - React-Core
    - React-RCTImage
    - RNImageCropPicker/QBImagePickerController (= 0.40.0)
    - TOCropViewController
  - RNImageCropPicker/QBImagePickerController (0.40.0):
    - React-Core
    - React-RCTImage
    - TOCropViewController
  - RNScreens (3.24.0):
    - React-Core
    - React-RCTImage
  - SDWebImage (5.11.1):
    - SDWebImage/Core (= 5.11.1)
  - SDWebImage/Core (5.11.1)
  - SDWebImageWebPCoder (0.8.5):
    - libwebp (~> 1.0)
    - SDWebImage/Core (~> 5.10)
  - SocketRocket (0.6.1)
  - TOCropViewController (2.6.1)
  - Yoga (1.14.0)
  - YogaKit (1.18.1):
    - Yoga (~> 1.14)

DEPENDENCIES:
  - boost (from `../node_modules/react-native/third-party-podspecs/boost.podspec`)
  - DoubleConversion (from `../node_modules/react-native/third-party-podspecs/DoubleConversion.podspec`)
  - FBLazyVector (from `../node_modules/react-native/Libraries/FBLazyVector`)
  - FBReactNativeSpec (from `../node_modules/react-native/React/FBReactNativeSpec`)
  - FirebaseCore
  - Flipper (= 0.182.0)
  - Flipper-Boost-iOSX (= 1.76.0.1.11)
  - Flipper-DoubleConversion (= 3.2.0.1)
  - Flipper-Fmt (= 7.1.7)
  - Flipper-Folly (= 2.6.10)
  - Flipper-Glog (= 0.5.0.5)
  - Flipper-PeerTalk (= 0.0.4)
  - FlipperKit (= 0.182.0)
  - FlipperKit/Core (= 0.182.0)
  - FlipperKit/CppBridge (= 0.182.0)
  - FlipperKit/FBCxxFollyDynamicConvert (= 0.182.0)
  - FlipperKit/FBDefines (= 0.182.0)
  - FlipperKit/FKPortForwarding (= 0.182.0)
  - FlipperKit/FlipperKitHighlightOverlay (= 0.182.0)
  - FlipperKit/FlipperKitLayoutPlugin (= 0.182.0)
  - FlipperKit/FlipperKitLayoutTextSearchable (= 0.182.0)
  - FlipperKit/FlipperKitNetworkPlugin (= 0.182.0)
  - FlipperKit/FlipperKitReactPlugin (= 0.182.0)
  - FlipperKit/FlipperKitUserDefaultsPlugin (= 0.182.0)
  - FlipperKit/SKIOSNetworkPlugin (= 0.182.0)
  - glog (from `../node_modules/react-native/third-party-podspecs/glog.podspec`)
  - GoogleUtilities
  - OpenSSL-Universal (= 1.1.1100)
  - RCT-Folly (from `../node_modules/react-native/third-party-podspecs/RCT-Folly.podspec`)
  - RCTRequired (from `../node_modules/react-native/Libraries/RCTRequired`)
  - RCTTypeSafety (from `../node_modules/react-native/Libraries/TypeSafety`)
  - React (from `../node_modules/react-native/`)
  - React-callinvoker (from `../node_modules/react-native/ReactCommon/callinvoker`)
  - React-Codegen (from `build/generated/ios`)
  - React-Core (from `../node_modules/react-native/`)
  - React-Core/DevSupport (from `../node_modules/react-native/`)
  - React-Core/RCTWebSocket (from `../node_modules/react-native/`)
  - React-CoreModules (from `../node_modules/react-native/React/CoreModules`)
  - React-cxxreact (from `../node_modules/react-native/ReactCommon/cxxreact`)
  - React-debug (from `../node_modules/react-native/ReactCommon/react/debug`)
  - React-jsc (from `../node_modules/react-native/ReactCommon/jsc`)
  - React-jsi (from `../node_modules/react-native/ReactCommon/jsi`)
  - React-jsiexecutor (from `../node_modules/react-native/ReactCommon/jsiexecutor`)
  - React-jsinspector (from `../node_modules/react-native/ReactCommon/jsinspector`)
  - React-logger (from `../node_modules/react-native/ReactCommon/logger`)
  - "react-native-cameraroll (from `../node_modules/@react-native-camera-roll/camera-roll`)"
  - react-native-restart (from `../node_modules/react-native-restart`)
  - react-native-safe-area-context (from `../node_modules/react-native-safe-area-context`)
  - react-native-webview (from `../node_modules/react-native-webview`)
  - React-NativeModulesApple (from `../node_modules/react-native/ReactCommon/react/nativemodule/core/platform/ios`)
  - React-perflogger (from `../node_modules/react-native/ReactCommon/reactperflogger`)
  - React-RCTActionSheet (from `../node_modules/react-native/Libraries/ActionSheetIOS`)
  - React-RCTAnimation (from `../node_modules/react-native/Libraries/NativeAnimation`)
  - React-RCTAppDelegate (from `../node_modules/react-native/Libraries/AppDelegate`)
  - React-RCTBlob (from `../node_modules/react-native/Libraries/Blob`)
  - React-RCTImage (from `../node_modules/react-native/Libraries/Image`)
  - React-RCTLinking (from `../node_modules/react-native/Libraries/LinkingIOS`)
  - React-RCTNetwork (from `../node_modules/react-native/Libraries/Network`)
  - React-RCTSettings (from `../node_modules/react-native/Libraries/Settings`)
  - React-RCTText (from `../node_modules/react-native/Libraries/Text`)
  - React-RCTVibration (from `../node_modules/react-native/Libraries/Vibration`)
  - React-rncore (from `../node_modules/react-native/ReactCommon`)
  - React-runtimeexecutor (from `../node_modules/react-native/ReactCommon/runtimeexecutor`)
  - React-runtimescheduler (from `../node_modules/react-native/ReactCommon/react/renderer/runtimescheduler`)
  - React-utils (from `../node_modules/react-native/ReactCommon/react/utils`)
  - ReactCommon/turbomodule/core (from `../node_modules/react-native/ReactCommon`)
  - ReactNativeLocalization (from `../node_modules/react-native-localization`)
  - "RNCAsyncStorage (from `../node_modules/@react-native-async-storage/async-storage`)"
  - RNFastImage (from `../node_modules/react-native-fast-image`)
  - "RNFBApp (from `../node_modules/@react-native-firebase/app`)"
  - "RNFBMessaging (from `../node_modules/@react-native-firebase/messaging`)"
  - "RNFlashList (from `../node_modules/@shopify/flash-list`)"
  - RNImageCropPicker (from `../node_modules/react-native-image-crop-picker`)
  - RNScreens (from `../node_modules/react-native-screens`)
  - Yoga (from `../node_modules/react-native/ReactCommon/yoga`)

SPEC REPOS:
  trunk:
    - CocoaAsyncSocket
    - Firebase
    - FirebaseCore
    - FirebaseCoreExtension
    - FirebaseCoreInternal
    - FirebaseInstallations
    - FirebaseMessaging
    - Flipper
    - Flipper-Boost-iOSX
    - Flipper-DoubleConversion
    - Flipper-Fmt
    - Flipper-Folly
    - Flipper-Glog
    - Flipper-PeerTalk
    - FlipperKit
    - fmt
    - GoogleDataTransport
    - GoogleUtilities
    - libevent
    - libwebp
    - nanopb
    - OpenSSL-Universal
    - PromisesObjC
    - SDWebImage
    - SDWebImageWebPCoder
    - SocketRocket
    - TOCropViewController
    - YogaKit

EXTERNAL SOURCES:
  boost:
    :podspec: "../node_modules/react-native/third-party-podspecs/boost.podspec"
  DoubleConversion:
    :podspec: "../node_modules/react-native/third-party-podspecs/DoubleConversion.podspec"
  FBLazyVector:
    :path: "../node_modules/react-native/Libraries/FBLazyVector"
  FBReactNativeSpec:
    :path: "../node_modules/react-native/React/FBReactNativeSpec"
  glog:
    :podspec: "../node_modules/react-native/third-party-podspecs/glog.podspec"
  RCT-Folly:
    :podspec: "../node_modules/react-native/third-party-podspecs/RCT-Folly.podspec"
  RCTRequired:
    :path: "../node_modules/react-native/Libraries/RCTRequired"
  RCTTypeSafety:
    :path: "../node_modules/react-native/Libraries/TypeSafety"
  React:
    :path: "../node_modules/react-native/"
  React-callinvoker:
    :path: "../node_modules/react-native/ReactCommon/callinvoker"
  React-Codegen:
    :path: build/generated/ios
  React-Core:
    :path: "../node_modules/react-native/"
  React-CoreModules:
    :path: "../node_modules/react-native/React/CoreModules"
  React-cxxreact:
    :path: "../node_modules/react-native/ReactCommon/cxxreact"
  React-debug:
    :path: "../node_modules/react-native/ReactCommon/react/debug"
  React-jsc:
    :path: "../node_modules/react-native/ReactCommon/jsc"
  React-jsi:
    :path: "../node_modules/react-native/ReactCommon/jsi"
  React-jsiexecutor:
    :path: "../node_modules/react-native/ReactCommon/jsiexecutor"
  React-jsinspector:
    :path: "../node_modules/react-native/ReactCommon/jsinspector"
  React-logger:
    :path: "../node_modules/react-native/ReactCommon/logger"
  react-native-cameraroll:
    :path: "../node_modules/@react-native-camera-roll/camera-roll"
  react-native-restart:
    :path: "../node_modules/react-native-restart"
  react-native-safe-area-context:
    :path: "../node_modules/react-native-safe-area-context"
  react-native-webview:
    :path: "../node_modules/react-native-webview"
  React-NativeModulesApple:
    :path: "../node_modules/react-native/ReactCommon/react/nativemodule/core/platform/ios"
  React-perflogger:
    :path: "../node_modules/react-native/ReactCommon/reactperflogger"
  React-RCTActionSheet:
    :path: "../node_modules/react-native/Libraries/ActionSheetIOS"
  React-RCTAnimation:
    :path: "../node_modules/react-native/Libraries/NativeAnimation"
  React-RCTAppDelegate:
    :path: "../node_modules/react-native/Libraries/AppDelegate"
  React-RCTBlob:
    :path: "../node_modules/react-native/Libraries/Blob"
  React-RCTImage:
    :path: "../node_modules/react-native/Libraries/Image"
  React-RCTLinking:
    :path: "../node_modules/react-native/Libraries/LinkingIOS"
  React-RCTNetwork:
    :path: "../node_modules/react-native/Libraries/Network"
  React-RCTSettings:
    :path: "../node_modules/react-native/Libraries/Settings"
  React-RCTText:
    :path: "../node_modules/react-native/Libraries/Text"
  React-RCTVibration:
    :path: "../node_modules/react-native/Libraries/Vibration"
  React-rncore:
    :path: "../node_modules/react-native/ReactCommon"
  React-runtimeexecutor:
    :path: "../node_modules/react-native/ReactCommon/runtimeexecutor"
  React-runtimescheduler:
    :path: "../node_modules/react-native/ReactCommon/react/renderer/runtimescheduler"
  React-utils:
    :path: "../node_modules/react-native/ReactCommon/react/utils"
  ReactCommon:
    :path: "../node_modules/react-native/ReactCommon"
  ReactNativeLocalization:
    :path: "../node_modules/react-native-localization"
  RNCAsyncStorage:
    :path: "../node_modules/@react-native-async-storage/async-storage"
  RNFastImage:
    :path: "../node_modules/react-native-fast-image"
  RNFBApp:
    :path: "../node_modules/@react-native-firebase/app"
  RNFBMessaging:
    :path: "../node_modules/@react-native-firebase/messaging"
  RNFlashList:
    :path: "../node_modules/@shopify/flash-list"
  RNImageCropPicker:
    :path: "../node_modules/react-native-image-crop-picker"
  RNScreens:
    :path: "../node_modules/react-native-screens"
  Yoga:
    :path: "../node_modules/react-native/ReactCommon/yoga"

SPEC CHECKSUMS:
  boost: 57d2868c099736d80fcd648bf211b4431e51a558
  CocoaAsyncSocket: 065fd1e645c7abab64f7a6a2007a48038fdc6a99
  DoubleConversion: 5189b271737e1565bdce30deb4a08d647e3f5f54
  FBLazyVector: 4cce221dd782d3ff7c4172167bba09d58af67ccb
  FBReactNativeSpec: c6bd9e179757b3c0ecf815864fae8032377903ef
  Firebase: 10c8cb12fb7ad2ae0c09ffc86cd9c1ab392a0031
  FirebaseCore: 28045c1560a2600d284b9c45a904fe322dc890b6
  FirebaseCoreExtension: 0659f035b88c5a7a15a9763c48c2e6ca8c0a2977
  FirebaseCoreInternal: 43c1788eaeee9d1b97caaa751af567ce11010d00
  FirebaseInstallations: 390ea1d10a4d02b20c965cbfd527ee9b3b412acb
  FirebaseMessaging: 06c414a21b122396a26847c523d5c370f8325df5
  Flipper: 6edb735e6c3e332975d1b17956bcc584eccf5818
  Flipper-Boost-iOSX: fd1e2b8cbef7e662a122412d7ac5f5bea715403c
  Flipper-DoubleConversion: 2dc99b02f658daf147069aad9dbd29d8feb06d30
  Flipper-Fmt: 60cbdd92fc254826e61d669a5d87ef7015396a9b
  Flipper-Folly: 584845625005ff068a6ebf41f857f468decd26b3
  Flipper-Glog: 70c50ce58ddaf67dc35180db05f191692570f446
  Flipper-PeerTalk: 116d8f857dc6ef55c7a5a75ea3ceaafe878aadc9
  FlipperKit: 2efad7007d6745a3f95e4034d547be637f89d3f6
  fmt: ff9d55029c625d3757ed641535fd4a75fedc7ce9
  glog: 04b94705f318337d7ead9e6d17c019bd9b1f6b1b
  GoogleDataTransport: 57c22343ab29bc686febbf7cbb13bad167c2d8fe
  GoogleUtilities: 0759d1a57ebb953965c2dfe0ba4c82e95ccc2e34
  libevent: 4049cae6c81cdb3654a443be001fb9bdceff7913
  libwebp: 1786c9f4ff8a279e4dac1e8f385004d5fc253009
  nanopb: d4d75c12cd1316f4a64e3c6963f879ecd4b5e0d5
  OpenSSL-Universal: ebc357f1e6bc71fa463ccb2fe676756aff50e88c
  PromisesObjC: c50d2056b5253dadbd6c2bea79b0674bd5a52fa4
  RCT-Folly: 424b8c9a7a0b9ab2886ffe9c3b041ef628fd4fb1
  RCTRequired: a2faf4bad4e438ca37b2040cb8f7799baa065c18
  RCTTypeSafety: cb09f3e4747b6d18331a15eb05271de7441ca0b3
  React: 13109005b5353095c052f26af37413340ccf7a5d
  React-callinvoker: c8c87bce983aa499c13cb06d4447c025a35274d6
  React-Codegen: 264b1022063f27ccccfd38f4ce29cc8217b1e812
  React-Core: 2688f9f07b65379352fe49670458e8e0d683e336
  React-CoreModules: 63c063a3ade8fb3b1bec5fd9a50f17b0421558c6
  React-cxxreact: 55d0f7cb6b4cc09ba9190797f1da87182d1a2fb6
  React-debug: 51f11ef8db14b47f24e71c42a4916d4192972156
  React-jsc: 0db8e8cc2074d979c37ffa7b8d7c914833960497
  React-jsi: 58677ff4848ceb6aeb9118fe03448a843ea5e16a
  React-jsiexecutor: 2c15ba1bace70177492368d5180b564f165870fd
  React-jsinspector: b511447170f561157547bc0bef3f169663860be7
  React-logger: c5b527272d5f22eaa09bb3c3a690fee8f237ae95
  react-native-cameraroll: 134805127580aed23403b8c2cb1548920dd77b3a
  react-native-restart: 7595693413fe3ca15893702f2c8306c62a708162
  react-native-safe-area-context: 9697629f7b2cda43cf52169bb7e0767d330648c2
  react-native-webview: c2b70afb1d910cdd8810375aecc6c2894e2ba061
  React-NativeModulesApple: bfbb84f3e6a1b919791b57303524de557ba45fef
  React-perflogger: 6bd153e776e6beed54c56b0847e1220a3ff92ba5
  React-RCTActionSheet: c0b62af44e610e69d9a2049a682f5dba4e9dff17
  React-RCTAnimation: f9bf9719258926aea9ecb8a2aa2595d3ff9a6022
  React-RCTAppDelegate: 41b778ee7b1f76566fa1b1ebffe9837a01a3a18d
  React-RCTBlob: afc0e14539eb7a76a713332340aee21bf23c76b5
  React-RCTImage: e5798f01aba248416c02a506cf5e6dfcba827638
  React-RCTLinking: f5b6227c879e33206f34e68924c458f57bbb96d9
  React-RCTNetwork: d5554fbfac1c618da3c8fa29933108ea22837788
  React-RCTSettings: 189c71e3e6146ba59f4f7e2cbeb494cf2ad42afa
  React-RCTText: 19425aea9d8b6ccae55a27916355b17ab577e56e
  React-RCTVibration: 388ac0e1455420895d1ca2548401eed964b038a6
  React-rncore: 755a331dd67b74662108f2d66a384454bf8dc1a1
  React-runtimeexecutor: 369ae9bb3f83b65201c0c8f7d50b72280b5a1dbc
  React-runtimescheduler: af0b24628c1d543a3f87251c9efa29c5a589e08a
  React-utils: bcb57da67eec2711f8b353f6e3d33bd8e4b2efa3
  ReactCommon: d7d63a5b3c3ff29304a58fc8eb3b4f1b077cd789
  ReactNativeLocalization: fb171138cdc80d5d0d4f20243d2fc82c2b3cc48f
  RNCAsyncStorage: f57e929cd7757f2cb3dd8186d123c09e8281a1ad
  RNFastImage: 5c9c9fed9c076e521b3f509fe79e790418a544e8
  RNFBApp: 5810d39f89d38272f29d9908cb19ef641922c081
  RNFBMessaging: 8863c0206cc1a5577678eac6c1ec2b2965bd8e52
  RNFlashList: 25b0e092b4470c84db0386d4f5316dc34123bb6d
  RNImageCropPicker: 486e2f7e2b0461ce24321f751410dce1b3b49e6d
  RNScreens: b21dc57dfa2b710c30ec600786a3fc223b1b92e7
  SDWebImage: a7f831e1a65eb5e285e3fb046a23fcfbf08e696d
  SDWebImageWebPCoder: 908b83b6adda48effe7667cd2b7f78c897e5111d
  SocketRocket: f32cd54efbe0f095c4d7594881e52619cfe80b17
  TOCropViewController: edfd4f25713d56905ad1e0b9f5be3fbe0f59c863
  Yoga: 8796b55dba14d7004f980b54bcc9833ee45b28ce
  YogaKit: f782866e155069a2cca2517aafea43200b01fd5a

PODFILE CHECKSUM: 4bfd2961df1e739ffeb0b2c7e4f06db4e2ef5a47

COCOAPODS: 1.12.1
